
Microsoft Visual Studio Solution File, Format Version 12.00
# Visual Studio Version 17
VisualStudioVersion = 17.0.31903.59
MinimumVisualStudioVersion = 10.0.40219.1
Project("{FAE04EC0-301F-11D3-BF4B-00C04F79EFBC}") = "Mercoa.Client", "Mercoa.Client\Mercoa.Client.csproj", "{2DB39136-EE77-45BA-A6FC-1F0AE0FB6FB7}"
EndProject
Project("{FAE04EC0-301F-11D3-BF4B-00C04F79EFBC}") = "Mercoa.Client.Test", "Mercoa.Client.Test\Mercoa.Client.Test.csproj", "{10706518-1CF2-49A7-A951-963923ACA2E5}"
EndProject
Global
	GlobalSection(SolutionConfigurationPlatforms) = preSolution
		Debug|Any CPU = Debug|Any CPU
		Release|Any CPU = Release|Any CPU
	EndGlobalSection
	GlobalSection(SolutionProperties) = preSolution
		HideSolutionNode = FALSE
	EndGlobalSection
	GlobalSection(ProjectConfigurationPlatforms) = postSolution
		{2DB39136-EE77-45BA-A6FC-1F0AE0FB6FB7}.Debug|Any CPU.ActiveCfg = Debug|Any CPU
		{2DB39136-EE77-45BA-A6FC-1F0AE0FB6FB7}.Debug|Any CPU.Build.0 = Debug|Any CPU
		{2DB39136-EE77-45BA-A6FC-1F0AE0FB6FB7}.Release|Any CPU.ActiveCfg = Release|Any CPU
		{2DB39136-EE77-45BA-A6FC-1F0AE0FB6FB7}.Release|Any CPU.Build.0 = Release|Any CPU
		{10706518-1CF2-49A7-A951-963923ACA2E5}.Debug|Any CPU.ActiveCfg = Debug|Any CPU
		{10706518-1CF2-49A7-A951-963923ACA2E5}.Debug|Any CPU.Build.0 = Debug|Any CPU
		{10706518-1CF2-49A7-A951-963923ACA2E5}.Release|Any CPU.ActiveCfg = Release|Any CPU
		{10706518-1CF2-49A7-A951-963923ACA2E5}.Release|Any CPU.Build.0 = Release|Any CPU
	EndGlobalSection
EndGlobal
